
Microsoft Visual Studio Solution File, Format Version 12.00
# Visual Studio Version 17
VisualStudioVersion = 17.9.34616.47
MinimumVisualStudioVersion = 10.0.40219.1
Project("{9A19103F-16F7-4668-BE54-9A1E7A4F7556}") = "ParkManager.Domain", "ParkManager.Domain\ParkManager.Domain.csproj", "{04445F7A-A70D-4B75-B622-B24DCAE07535}"
EndProject
Project("{9A19103F-16F7-4668-BE54-9A1E7A4F7556}") = "ParkManager.Application", "ParkManager.Application\ParkManager.Application.csproj", "{E22E9887-B63F-4DAD-AB0F-ADE04791A797}"
EndProject
Project("{2150E333-8FDC-42A3-9474-1A3956D46DE8}") = "Solution Items", "Solution Items", "{8D171601-70E6-45BE-A845-9452D07FC735}"
	ProjectSection(SolutionItems) = preProject
		readme.md = readme.md
	EndProjectSection
EndProject
Project("{9A19103F-16F7-4668-BE54-9A1E7A4F7556}") = "ParkManager.Persistence", "ParkManager.Persistence\ParkManager.Persistence.csproj", "{1D14C6C3-244C-4A3C-9642-514ACAF95963}"
EndProject
Project("{9A19103F-16F7-4668-BE54-9A1E7A4F7556}") = "ParkManager.Api", "ParkManager.Api\ParkManager.Api.csproj", "{C85C02F9-8A53-4122-A7AC-22BE7D573061}"
EndProject
Project("{9A19103F-16F7-4668-BE54-9A1E7A4F7556}") = "ParkManager.UnitTests", "ParkManager.UnitTests\ParkManager.UnitTests.csproj", "{10274E94-6C37-4342-938B-9BA0D6C09088}"
EndProject
Project("{2150E333-8FDC-42A3-9474-1A3956D46DE8}") = "src", "src", "{FAB43070-6E66-4F00-B427-4024307C97DA}"
EndProject
Project("{2150E333-8FDC-42A3-9474-1A3956D46DE8}") = "tests", "tests", "{82CD6305-7D7A-47AF-B681-C49BF3A491A6}"
EndProject
Project("{9A19103F-16F7-4668-BE54-9A1E7A4F7556}") = "ParkManager.Persistence.IntegrationTests", "ParkManager.Persistence.IntegrationTests\ParkManager.Persistence.IntegrationTests.csproj", "{C6909C20-C3A2-4C4C-A2E6-68517DBA13FA}"
EndProject
Project("{9A19103F-16F7-4668-BE54-9A1E7A4F7556}") = "ParkManager.Api.IntegrationTests", "ParkManager.Api.IntegrationTests\ParkManager.Api.IntegrationTests.csproj", "{D3E2E9CB-28F9-453B-9ADE-462E009CEBD8}"
EndProject
Project("{FAE04EC0-301F-11D3-BF4B-00C04F79EFBC}") = "ParkManager.Shared", "ParkManager.Shared\ParkManager.Shared.csproj", "{9AF7937D-0A6D-4286-AB04-797F9730C150}"
EndProject
Global
	GlobalSection(SolutionConfigurationPlatforms) = preSolution
		Debug|Any CPU = Debug|Any CPU
		Release|Any CPU = Release|Any CPU
	EndGlobalSection
	GlobalSection(ProjectConfigurationPlatforms) = postSolution
		{04445F7A-A70D-4B75-B622-B24DCAE07535}.Debug|Any CPU.ActiveCfg = Debug|Any CPU
		{04445F7A-A70D-4B75-B622-B24DCAE07535}.Debug|Any CPU.Build.0 = Debug|Any CPU
		{04445F7A-A70D-4B75-B622-B24DCAE07535}.Release|Any CPU.ActiveCfg = Release|Any CPU
		{04445F7A-A70D-4B75-B622-B24DCAE07535}.Release|Any CPU.Build.0 = Release|Any CPU
		{E22E9887-B63F-4DAD-AB0F-ADE04791A797}.Debug|Any CPU.ActiveCfg = Debug|Any CPU
		{E22E9887-B63F-4DAD-AB0F-ADE04791A797}.Debug|Any CPU.Build.0 = Debug|Any CPU
		{E22E9887-B63F-4DAD-AB0F-ADE04791A797}.Release|Any CPU.ActiveCfg = Release|Any CPU
		{E22E9887-B63F-4DAD-AB0F-ADE04791A797}.Release|Any CPU.Build.0 = Release|Any CPU
		{1D14C6C3-244C-4A3C-9642-514ACAF95963}.Debug|Any CPU.ActiveCfg = Debug|Any CPU
		{1D14C6C3-244C-4A3C-9642-514ACAF95963}.Debug|Any CPU.Build.0 = Debug|Any CPU
		{1D14C6C3-244C-4A3C-9642-514ACAF95963}.Release|Any CPU.ActiveCfg = Release|Any CPU
		{1D14C6C3-244C-4A3C-9642-514ACAF95963}.Release|Any CPU.Build.0 = Release|Any CPU
		{C85C02F9-8A53-4122-A7AC-22BE7D573061}.Debug|Any CPU.ActiveCfg = Debug|Any CPU
		{C85C02F9-8A53-4122-A7AC-22BE7D573061}.Debug|Any CPU.Build.0 = Debug|Any CPU
		{C85C02F9-8A53-4122-A7AC-22BE7D573061}.Release|Any CPU.ActiveCfg = Release|Any CPU
		{C85C02F9-8A53-4122-A7AC-22BE7D573061}.Release|Any CPU.Build.0 = Release|Any CPU
		{10274E94-6C37-4342-938B-9BA0D6C09088}.Debug|Any CPU.ActiveCfg = Debug|Any CPU
		{10274E94-6C37-4342-938B-9BA0D6C09088}.Debug|Any CPU.Build.0 = Debug|Any CPU
		{10274E94-6C37-4342-938B-9BA0D6C09088}.Release|Any CPU.ActiveCfg = Release|Any CPU
		{10274E94-6C37-4342-938B-9BA0D6C09088}.Release|Any CPU.Build.0 = Release|Any CPU
		{C6909C20-C3A2-4C4C-A2E6-68517DBA13FA}.Debug|Any CPU.ActiveCfg = Debug|Any CPU
		{C6909C20-C3A2-4C4C-A2E6-68517DBA13FA}.Debug|Any CPU.Build.0 = Debug|Any CPU
		{C6909C20-C3A2-4C4C-A2E6-68517DBA13FA}.Release|Any CPU.ActiveCfg = Release|Any CPU
		{C6909C20-C3A2-4C4C-A2E6-68517DBA13FA}.Release|Any CPU.Build.0 = Release|Any CPU
		{D3E2E9CB-28F9-453B-9ADE-462E009CEBD8}.Debug|Any CPU.ActiveCfg = Debug|Any CPU
		{D3E2E9CB-28F9-453B-9ADE-462E009CEBD8}.Debug|Any CPU.Build.0 = Debug|Any CPU
		{D3E2E9CB-28F9-453B-9ADE-462E009CEBD8}.Release|Any CPU.ActiveCfg = Release|Any CPU
		{D3E2E9CB-28F9-453B-9ADE-462E009CEBD8}.Release|Any CPU.Build.0 = Release|Any CPU
		{9AF7937D-0A6D-4286-AB04-797F9730C150}.Debug|Any CPU.ActiveCfg = Debug|Any CPU
		{9AF7937D-0A6D-4286-AB04-797F9730C150}.Debug|Any CPU.Build.0 = Debug|Any CPU
		{9AF7937D-0A6D-4286-AB04-797F9730C150}.Release|Any CPU.ActiveCfg = Release|Any CPU
		{9AF7937D-0A6D-4286-AB04-797F9730C150}.Release|Any CPU.Build.0 = Release|Any CPU
	EndGlobalSection
	GlobalSection(SolutionProperties) = preSolution
		HideSolutionNode = FALSE
	EndGlobalSection
	GlobalSection(NestedProjects) = preSolution
		{04445F7A-A70D-4B75-B622-B24DCAE07535} = {FAB43070-6E66-4F00-B427-4024307C97DA}
		{E22E9887-B63F-4DAD-AB0F-ADE04791A797} = {FAB43070-6E66-4F00-B427-4024307C97DA}
		{1D14C6C3-244C-4A3C-9642-514ACAF95963} = {FAB43070-6E66-4F00-B427-4024307C97DA}
		{C85C02F9-8A53-4122-A7AC-22BE7D573061} = {FAB43070-6E66-4F00-B427-4024307C97DA}
		{10274E94-6C37-4342-938B-9BA0D6C09088} = {82CD6305-7D7A-47AF-B681-C49BF3A491A6}
		{C6909C20-C3A2-4C4C-A2E6-68517DBA13FA} = {82CD6305-7D7A-47AF-B681-C49BF3A491A6}
	EndGlobalSection
	GlobalSection(ExtensibilityGlobals) = postSolution
		SolutionGuid = {547208E9-ADA9-413D-B5A8-188A7105A32D}
	EndGlobalSection
EndGlobal
